
Microsoft Visual Studio Solution File, Format Version 12.00
# Visual Studio Version 17
VisualStudioVersion = 17.14.36202.13
MinimumVisualStudioVersion = 10.0.40219.1
Project("{2150E333-8FDC-42A3-9474-1A3956D46DE8}") = "src", "src", "{02EA681E-C7D8-13C7-8484-4AC65E1B71E8}"
EndProject
Project("{2150E333-8FDC-42A3-9474-1A3956D46DE8}") = "Shared", "Shared", "{21407619-82EF-466E-9887-685833CE3DC4}"
EndProject
Project("{2150E333-8FDC-42A3-9474-1A3956D46DE8}") = "Services", "Services", "{B3BBEB05-BED3-4CB9-AC4C-5782644FF136}"
EndProject
Project("{FAE04EC0-301F-11D3-BF4B-00C04F79EFBC}") = "Neova.Shared.Library", "src\Shared\Neova.Shared.Library\Neova.Shared.Library.csproj", "{62C7751F-C990-A731-4A39-103BF0AF5684}"
EndProject
Project("{FAE04EC0-301F-11D3-BF4B-00C04F79EFBC}") = "Neova.Catalog.API", "src\Services\Catalog\Neova.Catalog.API\Neova.Catalog.API.csproj", "{B6BB0C1A-55EC-47E6-B8ED-209ADF97E78E}"
EndProject
Project("{FAE04EC0-301F-11D3-BF4B-00C04F79EFBC}") = "Neova.Catalog.Domain", "src\Services\Catalog\Neova.Catalog.Domain\Neova.Catalog.Domain.csproj", "{C6FC36CE-FFD8-4A64-B075-B7F87EFC0E0D}"
EndProject
Project("{FAE04EC0-301F-11D3-BF4B-00C04F79EFBC}") = "Neova.Catalog.Application", "src\Services\Catalog\Neova.Catalog.Application\Neova.Catalog.Application.csproj", "{FF71F518-0185-4EB6-BCCD-A08A169FD936}"
EndProject
Project("{FAE04EC0-301F-11D3-BF4B-00C04F79EFBC}") = "Neova.Catalog.Infrastructure", "src\Services\Catalog\Neova.Catalog.Infrastructure\Neova.Catalog.Infrastructure.csproj", "{DAC51058-BE88-4F10-8C35-07B74605091A}"
EndProject
Project("{FAE04EC0-301F-11D3-BF4B-00C04F79EFBC}") = "Neova.Shared.EventBus", "src\Shared\Neova.Shared.EventBus\Neova.Shared.EventBus.csproj", "{B69649E2-42D2-C12C-E6A2-7A6F1FBD281F}"
EndProject
Project("{FAE04EC0-301F-11D3-BF4B-00C04F79EFBC}") = "Neova.Basket.API", "src\Services\Basket\Neova.Basket.API\Neova.Basket.API.csproj", "{835F4761-374C-4BF0-BA62-C2647DF77A68}"
EndProject
Project("{2150E333-8FDC-42A3-9474-1A3956D46DE8}") = "Basket", "Basket", "{C72B406C-D77E-4649-9CFE-F6B6909EA334}"
EndProject
Project("{2150E333-8FDC-42A3-9474-1A3956D46DE8}") = "Catalog", "Catalog", "{0DFB4F9C-CDE2-45F0-A152-13AA48BDE23C}"
EndProject
Project("{2150E333-8FDC-42A3-9474-1A3956D46DE8}") = "Orders", "Orders", "{7BFB9CB4-56DE-4757-BAC5-6F9B4173FE30}"
EndProject
Project("{FAE04EC0-301F-11D3-BF4B-00C04F79EFBC}") = "Neova.Orders.API", "src\Services\Order\Neova.Orders.API\Neova.Orders.API.csproj", "{44A46882-6A58-4879-9DBD-AF1991AE036B}"
EndProject
Project("{2150E333-8FDC-42A3-9474-1A3956D46DE8}") = "Notes", "Notes", "{9367D7DC-47EB-4938-9B16-67B6F62B8BA1}"
	ProjectSection(SolutionItems) = preProject
		endPointAdresses.txt = endPointAdresses.txt
		EventFlow.txt = EventFlow.txt
	EndProjectSection
EndProject
Project("{2150E333-8FDC-42A3-9474-1A3956D46DE8}") = "Stock", "Stock", "{1D589C95-8B2F-4178-82C7-910162F8B200}"
EndProject
Project("{2150E333-8FDC-42A3-9474-1A3956D46DE8}") = "Payment", "Payment", "{DD4D4C17-D90B-4A7D-9EAA-EBB00275D18B}"
EndProject
Project("{FAE04EC0-301F-11D3-BF4B-00C04F79EFBC}") = "Neova.Stock.API", "src\Services\Stock\Neova.Stock.API\Neova.Stock.API.csproj", "{44FFAA88-A395-4943-A0FA-4CE3E8F245AC}"
EndProject
Project("{FAE04EC0-301F-11D3-BF4B-00C04F79EFBC}") = "Neova.Payment.API", "src\Services\Payment\Neova.Payment.API\Neova.Payment.API.csproj", "{01F51873-F75F-4BEE-851E-AC0078CB6A1B}"
EndProject
Project("{FAE04EC0-301F-11D3-BF4B-00C04F79EFBC}") = "Neova.Identity.API", "src\Services\Identity\Neova.Identity.API\Neova.Identity.API.csproj", "{D71B4C36-BB1F-4C49-91D7-3000A781EEE7}"
EndProject
Project("{2150E333-8FDC-42A3-9474-1A3956D46DE8}") = "ApiGateways", "ApiGateways", "{5DD448E7-48A3-48A5-9F57-47256A611C89}"
EndProject
Project("{FAE04EC0-301F-11D3-BF4B-00C04F79EFBC}") = "Neova.ApiGateway.YARP", "src\ApiGateways\Neova.ApiGateway.YARP\Neova.ApiGateway.YARP.csproj", "{061040CB-9FC6-4B20-A8B1-1CA48AB50FA2}"
EndProject
Project("{E53339B2-1760-4266-BCC7-CA923CBCF16C}") = "docker-compose", "docker-compose.dcproj", "{81DDED9D-158B-E303-5F62-77A2896D2A5A}"
EndProject
Global
	GlobalSection(SolutionConfigurationPlatforms) = preSolution
		Debug|Any CPU = Debug|Any CPU
		Release|Any CPU = Release|Any CPU
	EndGlobalSection
	GlobalSection(ProjectConfigurationPlatforms) = postSolution
		{62C7751F-C990-A731-4A39-103BF0AF5684}.Debug|Any CPU.ActiveCfg = Debug|Any CPU
		{62C7751F-C990-A731-4A39-103BF0AF5684}.Debug|Any CPU.Build.0 = Debug|Any CPU
		{62C7751F-C990-A731-4A39-103BF0AF5684}.Release|Any CPU.ActiveCfg = Release|Any CPU
		{62C7751F-C990-A731-4A39-103BF0AF5684}.Release|Any CPU.Build.0 = Release|Any CPU
		{B6BB0C1A-55EC-47E6-B8ED-209ADF97E78E}.Debug|Any CPU.ActiveCfg = Debug|Any CPU
		{B6BB0C1A-55EC-47E6-B8ED-209ADF97E78E}.Debug|Any CPU.Build.0 = Debug|Any CPU
		{B6BB0C1A-55EC-47E6-B8ED-209ADF97E78E}.Release|Any CPU.ActiveCfg = Release|Any CPU
		{B6BB0C1A-55EC-47E6-B8ED-209ADF97E78E}.Release|Any CPU.Build.0 = Release|Any CPU
		{C6FC36CE-FFD8-4A64-B075-B7F87EFC0E0D}.Debug|Any CPU.ActiveCfg = Debug|Any CPU
		{C6FC36CE-FFD8-4A64-B075-B7F87EFC0E0D}.Debug|Any CPU.Build.0 = Debug|Any CPU
		{C6FC36CE-FFD8-4A64-B075-B7F87EFC0E0D}.Release|Any CPU.ActiveCfg = Release|Any CPU
		{C6FC36CE-FFD8-4A64-B075-B7F87EFC0E0D}.Release|Any CPU.Build.0 = Release|Any CPU
		{FF71F518-0185-4EB6-BCCD-A08A169FD936}.Debug|Any CPU.ActiveCfg = Debug|Any CPU
		{FF71F518-0185-4EB6-BCCD-A08A169FD936}.Debug|Any CPU.Build.0 = Debug|Any CPU
		{FF71F518-0185-4EB6-BCCD-A08A169FD936}.Release|Any CPU.ActiveCfg = Release|Any CPU
		{FF71F518-0185-4EB6-BCCD-A08A169FD936}.Release|Any CPU.Build.0 = Release|Any CPU
		{DAC51058-BE88-4F10-8C35-07B74605091A}.Debug|Any CPU.ActiveCfg = Debug|Any CPU
		{DAC51058-BE88-4F10-8C35-07B74605091A}.Debug|Any CPU.Build.0 = Debug|Any CPU
		{DAC51058-BE88-4F10-8C35-07B74605091A}.Release|Any CPU.ActiveCfg = Release|Any CPU
		{DAC51058-BE88-4F10-8C35-07B74605091A}.Release|Any CPU.Build.0 = Release|Any CPU
		{B69649E2-42D2-C12C-E6A2-7A6F1FBD281F}.Debug|Any CPU.ActiveCfg = Debug|Any CPU
		{B69649E2-42D2-C12C-E6A2-7A6F1FBD281F}.Debug|Any CPU.Build.0 = Debug|Any CPU
		{B69649E2-42D2-C12C-E6A2-7A6F1FBD281F}.Release|Any CPU.ActiveCfg = Release|Any CPU
		{B69649E2-42D2-C12C-E6A2-7A6F1FBD281F}.Release|Any CPU.Build.0 = Release|Any CPU
		{835F4761-374C-4BF0-BA62-C2647DF77A68}.Debug|Any CPU.ActiveCfg = Debug|Any CPU
		{835F4761-374C-4BF0-BA62-C2647DF77A68}.Debug|Any CPU.Build.0 = Debug|Any CPU
		{835F4761-374C-4BF0-BA62-C2647DF77A68}.Release|Any CPU.ActiveCfg = Release|Any CPU
		{835F4761-374C-4BF0-BA62-C2647DF77A68}.Release|Any CPU.Build.0 = Release|Any CPU
		{44A46882-6A58-4879-9DBD-AF1991AE036B}.Debug|Any CPU.ActiveCfg = Debug|Any CPU
		{44A46882-6A58-4879-9DBD-AF1991AE036B}.Debug|Any CPU.Build.0 = Debug|Any CPU
		{44A46882-6A58-4879-9DBD-AF1991AE036B}.Release|Any CPU.ActiveCfg = Release|Any CPU
		{44A46882-6A58-4879-9DBD-AF1991AE036B}.Release|Any CPU.Build.0 = Release|Any CPU
		{44FFAA88-A395-4943-A0FA-4CE3E8F245AC}.Debug|Any CPU.ActiveCfg = Debug|Any CPU
		{44FFAA88-A395-4943-A0FA-4CE3E8F245AC}.Debug|Any CPU.Build.0 = Debug|Any CPU
		{44FFAA88-A395-4943-A0FA-4CE3E8F245AC}.Release|Any CPU.ActiveCfg = Release|Any CPU
		{44FFAA88-A395-4943-A0FA-4CE3E8F245AC}.Release|Any CPU.Build.0 = Release|Any CPU
		{01F51873-F75F-4BEE-851E-AC0078CB6A1B}.Debug|Any CPU.ActiveCfg = Debug|Any CPU
		{01F51873-F75F-4BEE-851E-AC0078CB6A1B}.Debug|Any CPU.Build.0 = Debug|Any CPU
		{01F51873-F75F-4BEE-851E-AC0078CB6A1B}.Release|Any CPU.ActiveCfg = Release|Any CPU
		{01F51873-F75F-4BEE-851E-AC0078CB6A1B}.Release|Any CPU.Build.0 = Release|Any CPU
		{D71B4C36-BB1F-4C49-91D7-3000A781EEE7}.Debug|Any CPU.ActiveCfg = Debug|Any CPU
		{D71B4C36-BB1F-4C49-91D7-3000A781EEE7}.Debug|Any CPU.Build.0 = Debug|Any CPU
		{D71B4C36-BB1F-4C49-91D7-3000A781EEE7}.Release|Any CPU.ActiveCfg = Release|Any CPU
		{D71B4C36-BB1F-4C49-91D7-3000A781EEE7}.Release|Any CPU.Build.0 = Release|Any CPU
		{061040CB-9FC6-4B20-A8B1-1CA48AB50FA2}.Debug|Any CPU.ActiveCfg = Debug|Any CPU
		{061040CB-9FC6-4B20-A8B1-1CA48AB50FA2}.Debug|Any CPU.Build.0 = Debug|Any CPU
		{061040CB-9FC6-4B20-A8B1-1CA48AB50FA2}.Release|Any CPU.ActiveCfg = Release|Any CPU
		{061040CB-9FC6-4B20-A8B1-1CA48AB50FA2}.Release|Any CPU.Build.0 = Release|Any CPU
		{81DDED9D-158B-E303-5F62-77A2896D2A5A}.Debug|Any CPU.ActiveCfg = Debug|Any CPU
		{81DDED9D-158B-E303-5F62-77A2896D2A5A}.Debug|Any CPU.Build.0 = Debug|Any CPU
		{81DDED9D-158B-E303-5F62-77A2896D2A5A}.Release|Any CPU.ActiveCfg = Release|Any CPU
		{81DDED9D-158B-E303-5F62-77A2896D2A5A}.Release|Any CPU.Build.0 = Release|Any CPU
	EndGlobalSection
	GlobalSection(SolutionProperties) = preSolution
		HideSolutionNode = FALSE
	EndGlobalSection
	GlobalSection(NestedProjects) = preSolution
		{21407619-82EF-466E-9887-685833CE3DC4} = {02EA681E-C7D8-13C7-8484-4AC65E1B71E8}
		{B3BBEB05-BED3-4CB9-AC4C-5782644FF136} = {02EA681E-C7D8-13C7-8484-4AC65E1B71E8}
		{62C7751F-C990-A731-4A39-103BF0AF5684} = {21407619-82EF-466E-9887-685833CE3DC4}
		{B6BB0C1A-55EC-47E6-B8ED-209ADF97E78E} = {0DFB4F9C-CDE2-45F0-A152-13AA48BDE23C}
		{C6FC36CE-FFD8-4A64-B075-B7F87EFC0E0D} = {0DFB4F9C-CDE2-45F0-A152-13AA48BDE23C}
		{FF71F518-0185-4EB6-BCCD-A08A169FD936} = {0DFB4F9C-CDE2-45F0-A152-13AA48BDE23C}
		{DAC51058-BE88-4F10-8C35-07B74605091A} = {0DFB4F9C-CDE2-45F0-A152-13AA48BDE23C}
		{B69649E2-42D2-C12C-E6A2-7A6F1FBD281F} = {21407619-82EF-466E-9887-685833CE3DC4}
		{835F4761-374C-4BF0-BA62-C2647DF77A68} = {C72B406C-D77E-4649-9CFE-F6B6909EA334}
		{C72B406C-D77E-4649-9CFE-F6B6909EA334} = {B3BBEB05-BED3-4CB9-AC4C-5782644FF136}
		{0DFB4F9C-CDE2-45F0-A152-13AA48BDE23C} = {B3BBEB05-BED3-4CB9-AC4C-5782644FF136}
		{7BFB9CB4-56DE-4757-BAC5-6F9B4173FE30} = {B3BBEB05-BED3-4CB9-AC4C-5782644FF136}
		{44A46882-6A58-4879-9DBD-AF1991AE036B} = {7BFB9CB4-56DE-4757-BAC5-6F9B4173FE30}
		{1D589C95-8B2F-4178-82C7-910162F8B200} = {B3BBEB05-BED3-4CB9-AC4C-5782644FF136}
		{DD4D4C17-D90B-4A7D-9EAA-EBB00275D18B} = {B3BBEB05-BED3-4CB9-AC4C-5782644FF136}
		{44FFAA88-A395-4943-A0FA-4CE3E8F245AC} = {1D589C95-8B2F-4178-82C7-910162F8B200}
		{01F51873-F75F-4BEE-851E-AC0078CB6A1B} = {DD4D4C17-D90B-4A7D-9EAA-EBB00275D18B}
		{D71B4C36-BB1F-4C49-91D7-3000A781EEE7} = {B3BBEB05-BED3-4CB9-AC4C-5782644FF136}
		{5DD448E7-48A3-48A5-9F57-47256A611C89} = {02EA681E-C7D8-13C7-8484-4AC65E1B71E8}
		{061040CB-9FC6-4B20-A8B1-1CA48AB50FA2} = {5DD448E7-48A3-48A5-9F57-47256A611C89}
	EndGlobalSection
	GlobalSection(ExtensibilityGlobals) = postSolution
		SolutionGuid = {2BC0BB02-77EC-4854-85FB-E717FCF88017}
	EndGlobalSection
EndGlobal
